github.com/confluentinc/confluent-kafka-go v1.9.2 h1:example
github.com/confluentinc/confluent-kafka-go v1.9.2/go.mod h1:example
github.com/gin-gonic/gin v1.9.1 h1:example
github.com/gin-gonic/gin v1.9.1/go.mod h1:example
github.com/stretchr/testify v1.8.4 h1:example
github.com/stretchr/testify v1.8.4/go.mod h1:example
